// !$*UTF8*$!
{
	archiveVersion = 1;
	classes = {
	};
	objectVersion = 55;
	objects = {

/* Begin PBXBuildFile section */
		9609BD94299C376500837CBF /* sumSubMatrix.swift in Sources */ = {isa = PBXBuildFile; fileRef = 9609BD93299C376500837CBF /* sumSubMatrix.swift */; };
		962B2734299F85BD00F68584 /* StringCombinataions.swift in Sources */ = {isa = PBXBuildFile; fileRef = 962B2733299F85BD00F68584 /* StringCombinataions.swift */; };
		964F6721299AC3C7008FF3F0 /* 8work.swift in Sources */ = {isa = PBXBuildFile; fileRef = 964F6720299AC3C7008FF3F0 /* 8work.swift */; };
		9676F782299B9A17005201E7 /* barchart.swift in Sources */ = {isa = PBXBuildFile; fileRef = 9676F781299B9A17005201E7 /* barchart.swift */; };
		96E1A6E5299A66010037F314 /* main.swift in Sources */ = {isa = PBXBuildFile; fileRef = 96E1A6E4299A66010037F314 /* main.swift */; };
		96E1A6EC299A758E0037F314 /* greatString.swift in Sources */ = {isa = PBXBuildFile; fileRef = 96E1A6EB299A758E0037F314 /* greatString.swift */; };
/* End PBXBuildFile section */

/* Begin PBXCopyFilesBuildPhase section */
		96E1A6DF299A66010037F314 /* CopyFiles */ = {
			isa = PBXCopyFilesBuildPhase;
			buildActionMask = 2147483647;
			dstPath = /usr/share/man/man1/;
			dstSubfolderSpec = 0;
			files = (
			);
			runOnlyForDeploymentPostprocessing = 1;
		};
/* End PBXCopyFilesBuildPhase section */

/* Begin PBXFileReference section */
		9609BD93299C376500837CBF /* sumSubMatrix.swift */ = {isa = PBXFileReference; lastKnownFileType = sourcecode.swift; path = sumSubMatrix.swift; sourceTree = "<group>"; };
		962B2733299F85BD00F68584 /* StringCombinataions.swift */ = {isa = PBXFileReference; lastKnownFileType = sourcecode.swift; path = StringCombinataions.swift; sourceTree = "<group>"; };
		964F6720299AC3C7008FF3F0 /* 8work.swift */ = {isa = PBXFileReference; lastKnownFileType = sourcecode.swift; path = 8work.swift; sourceTree = "<group>"; };
		9676F780299B88DC005201E7 /* input.txt */ = {isa = PBXFileReference; lastKnownFileType = text; path = input.txt; sourceTree = "<group>"; };
		9676F781299B9A17005201E7 /* barchart.swift */ = {isa = PBXFileReference; lastKnownFileType = sourcecode.swift; path = barchart.swift; sourceTree = "<group>"; };
		96E1A6E1299A66010037F314 /* Competition */ = {isa = PBXFileReference; explicitFileType = "compiled.mach-o.executable"; includeInIndex = 0; path = Competition; sourceTree = BUILT_PRODUCTS_DIR; };
		96E1A6E4299A66010037F314 /* main.swift */ = {isa = PBXFileReference; lastKnownFileType = sourcecode.swift; path = main.swift; sourceTree = "<group>"; };
		96E1A6EB299A758E0037F314 /* greatString.swift */ = {isa = PBXFileReference; lastKnownFileType = sourcecode.swift; path = greatString.swift; sourceTree = "<group>"; };
/* End PBXFileReference section */

/* Begin PBXFrameworksBuildPhase section */
		96E1A6DE299A66010037F314 /* Frameworks */ = {
			isa = PBXFrameworksBuildPhase;
			buildActionMask = 2147483647;
			files = (
			);
			runOnlyForDeploymentPostprocessing = 0;
		};
/* End PBXFrameworksBuildPhase section */

/* Begin PBXGroup section */
		96E1A6D8299A66010037F314 = {
			isa = PBXGroup;
			children = (
				96E1A6E3299A66010037F314 /* Competition */,
				96E1A6E2299A66010037F314 /* Products */,
			);
			sourceTree = "<group>";
		};
		96E1A6E2299A66010037F314 /* Products */ = {
			isa = PBXGroup;
			children = (
				96E1A6E1299A66010037F314 /* Competition */,
			);
			name = Products;
			sourceTree = "<group>";
		};
		96E1A6E3299A66010037F314 /* Competition */ = {
			isa = PBXGroup;
			children = (
				9676F781299B9A17005201E7 /* barchart.swift */,
				96E1A6E4299A66010037F314 /* main.swift */,
				964F6720299AC3C7008FF3F0 /* 8work.swift */,
				96E1A6EB299A758E0037F314 /* greatString.swift */,
				9676F780299B88DC005201E7 /* input.txt */,
				9609BD93299C376500837CBF /* sumSubMatrix.swift */,
				962B2733299F85BD00F68584 /* StringCombinataions.swift */,
			);
			path = Competition;
			sourceTree = "<group>";
		};
/* End PBXGroup section */

/* Begin PBXNativeTarget section */
		96E1A6E0299A66010037F314 /* Competition */ = {
			isa = PBXNativeTarget;
			buildConfigurationList = 96E1A6E8299A66010037F314 /* Build configuration list for PBXNativeTarget "Competition" */;
			buildPhases = (
				96E1A6DD299A66010037F314 /* Sources */,
				96E1A6DE299A66010037F314 /* Frameworks */,
				96E1A6DF299A66010037F314 /* CopyFiles */,
			);
			buildRules = (
			);
			dependencies = (
			);
			name = Competition;
			productName = Competition;
			productReference = 96E1A6E1299A66010037F314 /* Competition */;
			productType = "com.apple.product-type.tool";
		};
/* End PBXNativeTarget section */

/* Begin PBXProject section */
		96E1A6D9299A66010037F314 /* Project object */ = {
			isa = PBXProject;
			attributes = {
				BuildIndependentTargetsInParallel = 1;
				LastSwiftUpdateCheck = 1310;
				LastUpgradeCheck = 1310;
				TargetAttributes = {
					96E1A6E0299A66010037F314 = {
						CreatedOnToolsVersion = 13.1;
					};
				};
			};
			buildConfigurationList = 96E1A6DC299A66010037F314 /* Build configuration list for PBXProject "Competition" */;
			compatibilityVersion = "Xcode 13.0";
			developmentRegion = en;
			hasScannedForEncodings = 0;
			knownRegions = (
				en,
				Base,
			);
			mainGroup = 96E1A6D8299A66010037F314;
			productRefGroup = 96E1A6E2299A66010037F314 /* Products */;
			projectDirPath = "";
			projectRoot = "";
			targets = (
				96E1A6E0299A66010037F314 /* Competition */,
			);
		};
/* End PBXProject section */

/* Begin PBXSourcesBuildPhase section */
		96E1A6DD299A66010037F314 /* Sources */ = {
			isa = PBXSourcesBuildPhase;
			buildActionMask = 2147483647;
			files = (
				9676F782299B9A17005201E7 /* barchart.swift in Sources */,
				964F6721299AC3C7008FF3F0 /* 8work.swift in Sources */,
				96E1A6EC299A758E0037F314 /* greatString.swift in Sources */,
				9609BD94299C376500837CBF /* sumSubMatrix.swift in Sources */,
				962B2734299F85BD00F68584 /* StringCombinataions.swift in Sources */,
				96E1A6E5299A66010037F314 /* main.swift in Sources */,
			);
			runOnlyForDeploymentPostprocessing = 0;
		};
/* End PBXSourcesBuildPhase section */

/* Begin XCBuildConfiguration section */
		96E1A6E6299A66010037F314 /* Debug */ = {
			isa = XCBuildConfiguration;
			buildSettings = {
				ALWAYS_SEARCH_USER_PATHS = NO;
				CLANG_ANALYZER_NONNULL = YES;
				CLANG_ANALYZER_NUMBER_OBJECT_CONVERSION = YES_AGGRESSIVE;
				CLANG_CXX_LANGUAGE_STANDARD = "gnu++17";
				CLANG_CXX_LIBRARY = "libc++";
				CLANG_ENABLE_MODULES = YES;
				CLANG_ENABLE_OBJC_ARC = YES;
				CLANG_ENABLE_OBJC_WEAK = YES;
				CLANG_WARN_BLOCK_CAPTURE_AUTORELEASING = YES;
				CLANG_WARN_BOOL_CONVERSION = YES;
				CLANG_WARN_COMMA = YES;
				CLANG_WARN_CONSTANT_CONVERSION = YES;
				CLANG_WARN_DEPRECATED_OBJC_IMPLEMENTATIONS = YES;
				CLANG_WARN_DIRECT_OBJC_ISA_USAGE = YES_ERROR;
				CLANG_WARN_DOCUMENTATION_COMMENTS = YES;
				CLANG_WARN_EMPTY_BODY = YES;
				CLANG_WARN_ENUM_CONVERSION = YES;
				CLANG_WARN_INFINITE_RECURSION = YES;
				CLANG_WARN_INT_CONVERSION = YES;
				CLANG_WARN_NON_LITERAL_NULL_CONVERSION = YES;
				CLANG_WARN_OBJC_IMPLICIT_RETAIN_SELF = YES;
				CLANG_WARN_OBJC_LITERAL_CONVERSION = YES;
				CLANG_WARN_OBJC_ROOT_CLASS = YES_ERROR;
				CLANG_WARN_QUOTED_INCLUDE_IN_FRAMEWORK_HEADER = YES;
				CLANG_WARN_RANGE_LOOP_ANALYSIS = YES;
				CLANG_WARN_STRICT_PROTOTYPES = YES;
				CLANG_WARN_SUSPICIOUS_MOVE = YES;
				CLANG_WARN_UNGUARDED_AVAILABILITY = YES_AGGRESSIVE;
				CLANG_WARN_UNREACHABLE_CODE = YES;
				CLANG_WARN__DUPLICATE_METHOD_MATCH = YES;
				COPY_PHASE_STRIP = NO;
				DEBUG_INFORMATION_FORMAT = dwarf;
				ENABLE_STRICT_OBJC_MSGSEND = YES;
				ENABLE_TESTABILITY = YES;
				GCC_C_LANGUAGE_STANDARD = gnu11;
				GCC_DYNAMIC_NO_PIC = NO;
				GCC_NO_COMMON_BLOCKS = YES;
				GCC_OPTIMIZATION_LEVEL = 0;
				GCC_PREPROCESSOR_DEFINITIONS = (
					"DEBUG=1",
					"$(inherited)",
				);
				GCC_WARN_64_TO_32_BIT_CONVERSION = YES;
				GCC_WARN_ABOUT_RETURN_TYPE = YES_ERROR;
				GCC_WARN_UNDECLARED_SELECTOR = YES;
				GCC_WARN_UNINITIALIZED_AUTOS = YES_AGGRESSIVE;
				GCC_WARN_UNUSED_FUNCTION = YES;
				GCC_WARN_UNUSED_VARIABLE = YES;
				MACOSX_DEPLOYMENT_TARGET = 12.0;
				MTL_ENABLE_DEBUG_INFO = INCLUDE_SOURCE;
				MTL_FAST_MATH = YES;
				ONLY_ACTIVE_ARCH = YES;
				SDKROOT = macosx;
				SWIFT_ACTIVE_COMPILATION_CONDITIONS = DEBUG;
				SWIFT_OPTIMIZATION_LEVEL = "-Onone";
			};
			name = Debug;
		};
		96E1A6E7299A66010037F314 /* Release */ = {
			isa = XCBuildConfiguration;
			buildSettings = {
				ALWAYS_SEARCH_USER_PATHS = NO;
				CLANG_ANALYZER_NONNULL = YES;
				CLANG_ANALYZER_NUMBER_OBJECT_CONVERSION = YES_AGGRESSIVE;
				CLANG_CXX_LANGUAGE_STANDARD = "gnu++17";
				CLANG_CXX_LIBRARY = "libc++";
				CLANG_ENABLE_MODULES = YES;
				CLANG_ENABLE_OBJC_ARC = YES;
				CLANG_ENABLE_OBJC_WEAK = YES;
				CLANG_WARN_BLOCK_CAPTURE_AUTORELEASING = YES;
				CLANG_WARN_BOOL_CONVERSION = YES;
				CLANG_WARN_COMMA = YES;
				CLANG_WARN_CONSTANT_CONVERSION = YES;
				CLANG_WARN_DEPRECATED_OBJC_IMPLEMENTATIONS = YES;
				CLANG_WARN_DIRECT_OBJC_ISA_USAGE = YES_ERROR;
				CLANG_WARN_DOCUMENTATION_COMMENTS = YES;
				CLANG_WARN_EMPTY_BODY = YES;
				CLANG_WARN_ENUM_CONVERSION = YES;
				CLANG_WARN_INFINITE_RECURSION = YES;
				CLANG_WARN_INT_CONVERSION = YES;
				CLANG_WARN_NON_LITERAL_NULL_CONVERSION = YES;
				CLANG_WARN_OBJC_IMPLICIT_RETAIN_SELF = YES;
				CLANG_WARN_OBJC_LITERAL_CONVERSION = YES;
				CLANG_WARN_OBJC_ROOT_CLASS = YES_ERROR;
				CLANG_WARN_QUOTED_INCLUDE_IN_FRAMEWORK_HEADER = YES;
				CLANG_WARN_RANGE_LOOP_ANALYSIS = YES;
				CLANG_WARN_STRICT_PROTOTYPES = YES;
				CLANG_WARN_SUSPICIOUS_MOVE = YES;
				CLANG_WARN_UNGUARDED_AVAILABILITY = YES_AGGRESSIVE;
				CLANG_WARN_UNREACHABLE_CODE = YES;
				CLANG_WARN__DUPLICATE_METHOD_MATCH = YES;
				COPY_PHASE_STRIP = NO;
				DEBUG_INFORMATION_FORMAT = "dwarf-with-dsym";
				ENABLE_NS_ASSERTIONS = NO;
				ENABLE_STRICT_OBJC_MSGSEND = YES;
				GCC_C_LANGUAGE_STANDARD = gnu11;
				GCC_NO_COMMON_BLOCKS = YES;
				GCC_WARN_64_TO_32_BIT_CONVERSION = YES;
				GCC_WARN_ABOUT_RETURN_TYPE = YES_ERROR;
				GCC_WARN_UNDECLARED_SELECTOR = YES;
				GCC_WARN_UNINITIALIZED_AUTOS = YES_AGGRESSIVE;
				GCC_WARN_UNUSED_FUNCTION = YES;
				GCC_WARN_UNUSED_VARIABLE = YES;
				MACOSX_DEPLOYMENT_TARGET = 12.0;
				MTL_ENABLE_DEBUG_INFO = NO;
				MTL_FAST_MATH = YES;
				SDKROOT = macosx;
				SWIFT_COMPILATION_MODE = wholemodule;
				SWIFT_OPTIMIZATION_LEVEL = "-O";
			};
			name = Release;
		};
		96E1A6E9299A66010037F314 /* Debug */ = {
			isa = XCBuildConfiguration;
			buildSettings = {
				CODE_SIGN_IDENTITY = "Apple Development";
				CODE_SIGN_STYLE = Automatic;
				DEVELOPMENT_TEAM = BTW7W83H64;
				ENABLE_HARDENED_RUNTIME = YES;
				PRODUCT_BUNDLE_IDENTIFIER = yandex.contest.algorithms3.0;
				PRODUCT_NAME = "$(TARGET_NAME)";
				SWIFT_VERSION = 5.0;
			};
			name = Debug;
		};
		96E1A6EA299A66010037F314 /* Release */ = {
			isa = XCBuildConfiguration;
			buildSettings = {
				CODE_SIGN_IDENTITY = "Apple Development";
				CODE_SIGN_STYLE = Automatic;
				DEVELOPMENT_TEAM = BTW7W83H64;
				ENABLE_HARDENED_RUNTIME = YES;
				PRODUCT_BUNDLE_IDENTIFIER = yandex.contest.algorithms3.0;
				PRODUCT_NAME = "$(TARGET_NAME)";
				SWIFT_VERSION = 5.0;
			};
			name = Release;
		};
/* End XCBuildConfiguration section */

/* Begin XCConfigurationList section */
		96E1A6DC299A66010037F314 /* Build configuration list for PBXProject "Competition" */ = {
			isa = XCConfigurationList;
			buildConfigurations = (
				96E1A6E6299A66010037F314 /* Debug */,
				96E1A6E7299A66010037F314 /* Release */,
			);
			defaultConfigurationIsVisible = 0;
			defaultConfigurationName = Release;
		};
		96E1A6E8299A66010037F314 /* Build configuration list for PBXNativeTarget "Competition" */ = {
			isa = XCConfigurationList;
			buildConfigurations = (
				96E1A6E9299A66010037F314 /* Debug */,
				96E1A6EA299A66010037F314 /* Release */,
			);
			defaultConfigurationIsVisible = 0;
			defaultConfigurationName = Release;
		};
/* End XCConfigurationList section */
	};
	rootObject = 96E1A6D9299A66010037F314 /* Project object */;
}
